
Microsoft Visual Studio Solution File, Format Version 12.00
# Visual Studio Version 16
VisualStudioVersion = 16.0.30503.244
MinimumVisualStudioVersion = 10.0.40219.1
Project("{FAE04EC0-301F-11D3-BF4B-00C04F79EFBC}") = "CourseworkBall", "CourseworkBall\CourseworkBall.csproj", "{3BB37792-2381-4593-AF09-1E6BEBE8D133}"
EndProject
Global
	GlobalSection(SolutionConfigurationPlatforms) = preSolution
		Debug|Any CPU = Debug|Any CPU
		Release|Any CPU = Release|Any CPU
	EndGlobalSection
	GlobalSection(ProjectConfigurationPlatforms) = postSolution
		{3BB37792-2381-4593-AF09-1E6BEBE8D133}.Debug|Any CPU.ActiveCfg = Debug|Any CPU
		{3BB37792-2381-4593-AF09-1E6BEBE8D133}.Debug|Any CPU.Build.0 = Debug|Any CPU
		{3BB37792-2381-4593-AF09-1E6BEBE8D133}.Release|Any CPU.ActiveCfg = Release|Any CPU
		{3BB37792-2381-4593-AF09-1E6BEBE8D133}.Release|Any CPU.Build.0 = Release|Any CPU
	EndGlobalSection
	GlobalSection(SolutionProperties) = preSolution
		HideSolutionNode = FALSE
	EndGlobalSection
	GlobalSection(ExtensibilityGlobals) = postSolution
		SolutionGuid = {CB383E02-0983-4E41-8D4E-E6F559FA3529}
	EndGlobalSection
EndGlobal
